
Microsoft Visual Studio Solution File, Format Version 12.00
# Visual Studio Version 17
VisualStudioVersion = 17.5.33627.172
MinimumVisualStudioVersion = 10.0.40219.1
Project("{FAE04EC0-301F-11D3-BF4B-00C04F79EFBC}") = "SongStore", "SongStore\SongStore.csproj", "{75E2DDD4-69C7-4FDB-B2C0-E097BB48BE55}"
EndProject
Project("{FAE04EC0-301F-11D3-BF4B-00C04F79EFBC}") = "RecentlyPlayedSongsStore", "RecentlyPlayedSongsStore\RecentlyPlayedSongsStore.csproj", "{096B6927-F793-4FEA-873E-7A6B4DB260F2}"
EndProject
Project("{FAE04EC0-301F-11D3-BF4B-00C04F79EFBC}") = "UnitTestProject", "UnitTestProject\UnitTestProject.csproj", "{649C8A24-0EE4-4736-B3E2-901C09ADC9D8}"
EndProject
Global
	GlobalSection(SolutionConfigurationPlatforms) = preSolution
		Debug|Any CPU = Debug|Any CPU
		Release|Any CPU = Release|Any CPU
	EndGlobalSection
	GlobalSection(ProjectConfigurationPlatforms) = postSolution
		{75E2DDD4-69C7-4FDB-B2C0-E097BB48BE55}.Debug|Any CPU.ActiveCfg = Debug|Any CPU
		{75E2DDD4-69C7-4FDB-B2C0-E097BB48BE55}.Debug|Any CPU.Build.0 = Debug|Any CPU
		{75E2DDD4-69C7-4FDB-B2C0-E097BB48BE55}.Release|Any CPU.ActiveCfg = Release|Any CPU
		{75E2DDD4-69C7-4FDB-B2C0-E097BB48BE55}.Release|Any CPU.Build.0 = Release|Any CPU
		{096B6927-F793-4FEA-873E-7A6B4DB260F2}.Debug|Any CPU.ActiveCfg = Debug|Any CPU
		{096B6927-F793-4FEA-873E-7A6B4DB260F2}.Debug|Any CPU.Build.0 = Debug|Any CPU
		{096B6927-F793-4FEA-873E-7A6B4DB260F2}.Release|Any CPU.ActiveCfg = Release|Any CPU
		{096B6927-F793-4FEA-873E-7A6B4DB260F2}.Release|Any CPU.Build.0 = Release|Any CPU
		{649C8A24-0EE4-4736-B3E2-901C09ADC9D8}.Debug|Any CPU.ActiveCfg = Debug|Any CPU
		{649C8A24-0EE4-4736-B3E2-901C09ADC9D8}.Debug|Any CPU.Build.0 = Debug|Any CPU
		{649C8A24-0EE4-4736-B3E2-901C09ADC9D8}.Release|Any CPU.ActiveCfg = Release|Any CPU
		{649C8A24-0EE4-4736-B3E2-901C09ADC9D8}.Release|Any CPU.Build.0 = Release|Any CPU
	EndGlobalSection
	GlobalSection(SolutionProperties) = preSolution
		HideSolutionNode = FALSE
	EndGlobalSection
	GlobalSection(ExtensibilityGlobals) = postSolution
		SolutionGuid = {B01A3E5A-2F38-4A74-A6F0-339E82A09EA1}
	EndGlobalSection
EndGlobal
